
Microsoft Visual Studio Solution File, Format Version 11.00
# Visual Studio 2010
Project("{F184B08F-C81C-45F6-A57F-5ABD9991F28F}") = "loop statement version 2", "loop statement version 2\loop statement version 2.vbproj", "{316CB45E-60BD-42BF-A0FF-D0C85DD4A6E9}"
EndProject
Global
	GlobalSection(SolutionConfigurationPlatforms) = preSolution
		Debug|x86 = Debug|x86
		Release|x86 = Release|x86
	EndGlobalSection
	GlobalSection(ProjectConfigurationPlatforms) = postSolution
		{316CB45E-60BD-42BF-A0FF-D0C85DD4A6E9}.Debug|x86.ActiveCfg = Debug|x86
		{316CB45E-60BD-42BF-A0FF-D0C85DD4A6E9}.Debug|x86.Build.0 = Debug|x86
		{316CB45E-60BD-42BF-A0FF-D0C85DD4A6E9}.Release|x86.ActiveCfg = Release|x86
		{316CB45E-60BD-42BF-A0FF-D0C85DD4A6E9}.Release|x86.Build.0 = Release|x86
	EndGlobalSection
	GlobalSection(SolutionProperties) = preSolution
		HideSolutionNode = FALSE
	EndGlobalSection
EndGlobal
