
Microsoft Visual Studio Solution File, Format Version 11.00
# Visual Studio 2010
Project("{F184B08F-C81C-45F6-A57F-5ABD9991F28F}") = "AfooTECH G.P.A CALCULATOR VERSION 3", "AfooTECH G.P.A CALCULATOR VERSION 3\AfooTECH G.P.A CALCULATOR VERSION 3.vbproj", "{F58D4D99-53BD-4DB6-ADA2-1D4BC820BF18}"
EndProject
Global
	GlobalSection(SolutionConfigurationPlatforms) = preSolution
		Debug|x86 = Debug|x86
		Release|x86 = Release|x86
	EndGlobalSection
	GlobalSection(ProjectConfigurationPlatforms) = postSolution
		{F58D4D99-53BD-4DB6-ADA2-1D4BC820BF18}.Debug|x86.ActiveCfg = Debug|x86
		{F58D4D99-53BD-4DB6-ADA2-1D4BC820BF18}.Debug|x86.Build.0 = Debug|x86
		{F58D4D99-53BD-4DB6-ADA2-1D4BC820BF18}.Release|x86.ActiveCfg = Release|x86
		{F58D4D99-53BD-4DB6-ADA2-1D4BC820BF18}.Release|x86.Build.0 = Release|x86
	EndGlobalSection
	GlobalSection(SolutionProperties) = preSolution
		HideSolutionNode = FALSE
	EndGlobalSection
EndGlobal
